
Microsoft Visual Studio Solution File, Format Version 12.00
# Visual Studio 15
VisualStudioVersion = 15.0.26124.0
MinimumVisualStudioVersion = 15.0.26124.0
Project("{2150E333-8FDC-42A3-9474-1A3956D46DE8}") = "Complete", "Complete", "{06949BAC-2081-4EB0-B5F6-D0FBCED7246B}"
EndProject
Project("{F2A71F9B-5D33-465A-A702-920D77279786}") = "Server", "Complete\Server\Server.fsproj", "{33E9653C-EB04-4493-A4BC-0D632C8107B5}"
EndProject
Project("{F2A71F9B-5D33-465A-A702-920D77279786}") = "Client", "Complete\Client\Client.fsproj", "{ACE00C82-230A-49D8-9799-86B4DDB71E86}"
EndProject
Project("{2150E333-8FDC-42A3-9474-1A3956D46DE8}") = "Incomplete", "Incomplete", "{CB9A1B9F-53BC-414F-8030-8CFC1DED9A93}"
EndProject
Project("{F2A71F9B-5D33-465A-A702-920D77279786}") = "Client", "Incomplete\Client\Client.fsproj", "{7E8133CF-F9E1-42AA-BB42-FEB13FAE9BDE}"
EndProject
Project("{F2A71F9B-5D33-465A-A702-920D77279786}") = "Server", "Incomplete\Server\Server.fsproj", "{DFAA8F7F-FD7D-4D70-B267-C1D3998A5578}"
EndProject
Project("{F2A71F9B-5D33-465A-A702-920D77279786}") = "BasicSyntax", "BasicSyntax\BasicSyntax.fsproj", "{0D8BCA3A-2EE4-4389-96C0-EC63989A0836}"
EndProject
Global
	GlobalSection(SolutionConfigurationPlatforms) = preSolution
		Debug|Any CPU = Debug|Any CPU
		Debug|x64 = Debug|x64
		Debug|x86 = Debug|x86
		Release|Any CPU = Release|Any CPU
		Release|x64 = Release|x64
		Release|x86 = Release|x86
	EndGlobalSection
	GlobalSection(SolutionProperties) = preSolution
		HideSolutionNode = FALSE
	EndGlobalSection
	GlobalSection(ProjectConfigurationPlatforms) = postSolution
		{33E9653C-EB04-4493-A4BC-0D632C8107B5}.Debug|Any CPU.ActiveCfg = Debug|Any CPU
		{33E9653C-EB04-4493-A4BC-0D632C8107B5}.Debug|Any CPU.Build.0 = Debug|Any CPU
		{33E9653C-EB04-4493-A4BC-0D632C8107B5}.Debug|x64.ActiveCfg = Debug|Any CPU
		{33E9653C-EB04-4493-A4BC-0D632C8107B5}.Debug|x64.Build.0 = Debug|Any CPU
		{33E9653C-EB04-4493-A4BC-0D632C8107B5}.Debug|x86.ActiveCfg = Debug|Any CPU
		{33E9653C-EB04-4493-A4BC-0D632C8107B5}.Debug|x86.Build.0 = Debug|Any CPU
		{33E9653C-EB04-4493-A4BC-0D632C8107B5}.Release|Any CPU.ActiveCfg = Release|Any CPU
		{33E9653C-EB04-4493-A4BC-0D632C8107B5}.Release|Any CPU.Build.0 = Release|Any CPU
		{33E9653C-EB04-4493-A4BC-0D632C8107B5}.Release|x64.ActiveCfg = Release|Any CPU
		{33E9653C-EB04-4493-A4BC-0D632C8107B5}.Release|x64.Build.0 = Release|Any CPU
		{33E9653C-EB04-4493-A4BC-0D632C8107B5}.Release|x86.ActiveCfg = Release|Any CPU
		{33E9653C-EB04-4493-A4BC-0D632C8107B5}.Release|x86.Build.0 = Release|Any CPU
		{ACE00C82-230A-49D8-9799-86B4DDB71E86}.Debug|Any CPU.ActiveCfg = Debug|Any CPU
		{ACE00C82-230A-49D8-9799-86B4DDB71E86}.Debug|Any CPU.Build.0 = Debug|Any CPU
		{ACE00C82-230A-49D8-9799-86B4DDB71E86}.Debug|x64.ActiveCfg = Debug|Any CPU
		{ACE00C82-230A-49D8-9799-86B4DDB71E86}.Debug|x64.Build.0 = Debug|Any CPU
		{ACE00C82-230A-49D8-9799-86B4DDB71E86}.Debug|x86.ActiveCfg = Debug|Any CPU
		{ACE00C82-230A-49D8-9799-86B4DDB71E86}.Debug|x86.Build.0 = Debug|Any CPU
		{ACE00C82-230A-49D8-9799-86B4DDB71E86}.Release|Any CPU.ActiveCfg = Release|Any CPU
		{ACE00C82-230A-49D8-9799-86B4DDB71E86}.Release|Any CPU.Build.0 = Release|Any CPU
		{ACE00C82-230A-49D8-9799-86B4DDB71E86}.Release|x64.ActiveCfg = Release|Any CPU
		{ACE00C82-230A-49D8-9799-86B4DDB71E86}.Release|x64.Build.0 = Release|Any CPU
		{ACE00C82-230A-49D8-9799-86B4DDB71E86}.Release|x86.ActiveCfg = Release|Any CPU
		{ACE00C82-230A-49D8-9799-86B4DDB71E86}.Release|x86.Build.0 = Release|Any CPU
		{7E8133CF-F9E1-42AA-BB42-FEB13FAE9BDE}.Debug|Any CPU.ActiveCfg = Debug|Any CPU
		{7E8133CF-F9E1-42AA-BB42-FEB13FAE9BDE}.Debug|Any CPU.Build.0 = Debug|Any CPU
		{7E8133CF-F9E1-42AA-BB42-FEB13FAE9BDE}.Debug|x64.ActiveCfg = Debug|Any CPU
		{7E8133CF-F9E1-42AA-BB42-FEB13FAE9BDE}.Debug|x64.Build.0 = Debug|Any CPU
		{7E8133CF-F9E1-42AA-BB42-FEB13FAE9BDE}.Debug|x86.ActiveCfg = Debug|Any CPU
		{7E8133CF-F9E1-42AA-BB42-FEB13FAE9BDE}.Debug|x86.Build.0 = Debug|Any CPU
		{7E8133CF-F9E1-42AA-BB42-FEB13FAE9BDE}.Release|Any CPU.ActiveCfg = Release|Any CPU
		{7E8133CF-F9E1-42AA-BB42-FEB13FAE9BDE}.Release|Any CPU.Build.0 = Release|Any CPU
		{7E8133CF-F9E1-42AA-BB42-FEB13FAE9BDE}.Release|x64.ActiveCfg = Release|Any CPU
		{7E8133CF-F9E1-42AA-BB42-FEB13FAE9BDE}.Release|x64.Build.0 = Release|Any CPU
		{7E8133CF-F9E1-42AA-BB42-FEB13FAE9BDE}.Release|x86.ActiveCfg = Release|Any CPU
		{7E8133CF-F9E1-42AA-BB42-FEB13FAE9BDE}.Release|x86.Build.0 = Release|Any CPU
		{DFAA8F7F-FD7D-4D70-B267-C1D3998A5578}.Debug|Any CPU.ActiveCfg = Debug|Any CPU
		{DFAA8F7F-FD7D-4D70-B267-C1D3998A5578}.Debug|Any CPU.Build.0 = Debug|Any CPU
		{DFAA8F7F-FD7D-4D70-B267-C1D3998A5578}.Debug|x64.ActiveCfg = Debug|Any CPU
		{DFAA8F7F-FD7D-4D70-B267-C1D3998A5578}.Debug|x64.Build.0 = Debug|Any CPU
		{DFAA8F7F-FD7D-4D70-B267-C1D3998A5578}.Debug|x86.ActiveCfg = Debug|Any CPU
		{DFAA8F7F-FD7D-4D70-B267-C1D3998A5578}.Debug|x86.Build.0 = Debug|Any CPU
		{DFAA8F7F-FD7D-4D70-B267-C1D3998A5578}.Release|Any CPU.ActiveCfg = Release|Any CPU
		{DFAA8F7F-FD7D-4D70-B267-C1D3998A5578}.Release|Any CPU.Build.0 = Release|Any CPU
		{DFAA8F7F-FD7D-4D70-B267-C1D3998A5578}.Release|x64.ActiveCfg = Release|Any CPU
		{DFAA8F7F-FD7D-4D70-B267-C1D3998A5578}.Release|x64.Build.0 = Release|Any CPU
		{DFAA8F7F-FD7D-4D70-B267-C1D3998A5578}.Release|x86.ActiveCfg = Release|Any CPU
		{DFAA8F7F-FD7D-4D70-B267-C1D3998A5578}.Release|x86.Build.0 = Release|Any CPU
		{0D8BCA3A-2EE4-4389-96C0-EC63989A0836}.Debug|Any CPU.ActiveCfg = Debug|Any CPU
		{0D8BCA3A-2EE4-4389-96C0-EC63989A0836}.Debug|Any CPU.Build.0 = Debug|Any CPU
		{0D8BCA3A-2EE4-4389-96C0-EC63989A0836}.Debug|x64.ActiveCfg = Debug|Any CPU
		{0D8BCA3A-2EE4-4389-96C0-EC63989A0836}.Debug|x64.Build.0 = Debug|Any CPU
		{0D8BCA3A-2EE4-4389-96C0-EC63989A0836}.Debug|x86.ActiveCfg = Debug|Any CPU
		{0D8BCA3A-2EE4-4389-96C0-EC63989A0836}.Debug|x86.Build.0 = Debug|Any CPU
		{0D8BCA3A-2EE4-4389-96C0-EC63989A0836}.Release|Any CPU.ActiveCfg = Release|Any CPU
		{0D8BCA3A-2EE4-4389-96C0-EC63989A0836}.Release|Any CPU.Build.0 = Release|Any CPU
		{0D8BCA3A-2EE4-4389-96C0-EC63989A0836}.Release|x64.ActiveCfg = Release|Any CPU
		{0D8BCA3A-2EE4-4389-96C0-EC63989A0836}.Release|x64.Build.0 = Release|Any CPU
		{0D8BCA3A-2EE4-4389-96C0-EC63989A0836}.Release|x86.ActiveCfg = Release|Any CPU
		{0D8BCA3A-2EE4-4389-96C0-EC63989A0836}.Release|x86.Build.0 = Release|Any CPU
	EndGlobalSection
	GlobalSection(NestedProjects) = preSolution
		{33E9653C-EB04-4493-A4BC-0D632C8107B5} = {06949BAC-2081-4EB0-B5F6-D0FBCED7246B}
		{ACE00C82-230A-49D8-9799-86B4DDB71E86} = {06949BAC-2081-4EB0-B5F6-D0FBCED7246B}
		{7E8133CF-F9E1-42AA-BB42-FEB13FAE9BDE} = {CB9A1B9F-53BC-414F-8030-8CFC1DED9A93}
		{DFAA8F7F-FD7D-4D70-B267-C1D3998A5578} = {CB9A1B9F-53BC-414F-8030-8CFC1DED9A93}
	EndGlobalSection
EndGlobal
