
Microsoft Visual Studio Solution File, Format Version 12.00
# Visual Studio 15
VisualStudioVersion = 15.0.26124.0
MinimumVisualStudioVersion = 15.0.26124.0
Project("{2150E333-8FDC-42A3-9474-1A3956D46DE8}") = "Complete", "Complete", "{06949BAC-2081-4EB0-B5F6-D0FBCED7246B}"
EndProject
Project("{F2A71F9B-5D33-465A-A702-920D77279786}") = "Server", "Complete\Server\Server.fsproj", "{33E9653C-EB04-4493-A4BC-0D632C8107B5}"
EndProject
Project("{F2A71F9B-5D33-465A-A702-920D77279786}") = "Client", "Complete\Client\Client.fsproj", "{ACE00C82-230A-49D8-9799-86B4DDB71E86}"
EndProject
Project("{2150E333-8FDC-42A3-9474-1A3956D46DE8}") = "Incomplete", "Incomplete", "{CB9A1B9F-53BC-414F-8030-8CFC1DED9A93}"
EndProject
Project("{F2A71F9B-5D33-465A-A702-920D77279786}") = "BasicSyntax", "BasicSyntax\BasicSyntax.fsproj", "{0D8BCA3A-2EE4-4389-96C0-EC63989A0836}"
EndProject
Project("{F2A71F9B-5D33-465A-A702-920D77279786}") = "Console", "Complete\Console\Console.fsproj", "{5FA76B00-F3FE-4C16-84EC-5A88584E0339}"
EndProject
Project("{F2A71F9B-5D33-465A-A702-920D77279786}") = "ServerOnly", "Complete\ServerOnly\ServerOnly.fsproj", "{CDE01E6F-AFB3-43F1-9423-1DB1A790412F}"
EndProject
Project("{F2A71F9B-5D33-465A-A702-920D77279786}") = "Server", "Incomplete\Server\Server.fsproj", "{6AC15572-879B-4580-8A7B-BB1945415487}"
EndProject
Project("{F2A71F9B-5D33-465A-A702-920D77279786}") = "Console", "Incomplete\Console\Console.fsproj", "{EE6EE7B1-C749-43C8-ADA7-BE8E02F7EDD0}"
EndProject
Project("{F2A71F9B-5D33-465A-A702-920D77279786}") = "Client", "Incomplete\Client\Client.fsproj", "{C6533C65-387C-4CE0-A56C-57B1E020A5DD}"
EndProject
Global
	GlobalSection(SolutionConfigurationPlatforms) = preSolution
		Debug|Any CPU = Debug|Any CPU
		Debug|x64 = Debug|x64
		Debug|x86 = Debug|x86
		Release|Any CPU = Release|Any CPU
		Release|x64 = Release|x64
		Release|x86 = Release|x86
	EndGlobalSection
	GlobalSection(SolutionProperties) = preSolution
		HideSolutionNode = FALSE
	EndGlobalSection
	GlobalSection(ProjectConfigurationPlatforms) = postSolution
		{33E9653C-EB04-4493-A4BC-0D632C8107B5}.Debug|Any CPU.ActiveCfg = Debug|Any CPU
		{33E9653C-EB04-4493-A4BC-0D632C8107B5}.Debug|Any CPU.Build.0 = Debug|Any CPU
		{33E9653C-EB04-4493-A4BC-0D632C8107B5}.Debug|x64.ActiveCfg = Debug|Any CPU
		{33E9653C-EB04-4493-A4BC-0D632C8107B5}.Debug|x64.Build.0 = Debug|Any CPU
		{33E9653C-EB04-4493-A4BC-0D632C8107B5}.Debug|x86.ActiveCfg = Debug|Any CPU
		{33E9653C-EB04-4493-A4BC-0D632C8107B5}.Debug|x86.Build.0 = Debug|Any CPU
		{33E9653C-EB04-4493-A4BC-0D632C8107B5}.Release|Any CPU.ActiveCfg = Release|Any CPU
		{33E9653C-EB04-4493-A4BC-0D632C8107B5}.Release|Any CPU.Build.0 = Release|Any CPU
		{33E9653C-EB04-4493-A4BC-0D632C8107B5}.Release|x64.ActiveCfg = Release|Any CPU
		{33E9653C-EB04-4493-A4BC-0D632C8107B5}.Release|x64.Build.0 = Release|Any CPU
		{33E9653C-EB04-4493-A4BC-0D632C8107B5}.Release|x86.ActiveCfg = Release|Any CPU
		{33E9653C-EB04-4493-A4BC-0D632C8107B5}.Release|x86.Build.0 = Release|Any CPU
		{ACE00C82-230A-49D8-9799-86B4DDB71E86}.Debug|Any CPU.ActiveCfg = Debug|Any CPU
		{ACE00C82-230A-49D8-9799-86B4DDB71E86}.Debug|Any CPU.Build.0 = Debug|Any CPU
		{ACE00C82-230A-49D8-9799-86B4DDB71E86}.Debug|x64.ActiveCfg = Debug|Any CPU
		{ACE00C82-230A-49D8-9799-86B4DDB71E86}.Debug|x64.Build.0 = Debug|Any CPU
		{ACE00C82-230A-49D8-9799-86B4DDB71E86}.Debug|x86.ActiveCfg = Debug|Any CPU
		{ACE00C82-230A-49D8-9799-86B4DDB71E86}.Debug|x86.Build.0 = Debug|Any CPU
		{ACE00C82-230A-49D8-9799-86B4DDB71E86}.Release|Any CPU.ActiveCfg = Release|Any CPU
		{ACE00C82-230A-49D8-9799-86B4DDB71E86}.Release|Any CPU.Build.0 = Release|Any CPU
		{ACE00C82-230A-49D8-9799-86B4DDB71E86}.Release|x64.ActiveCfg = Release|Any CPU
		{ACE00C82-230A-49D8-9799-86B4DDB71E86}.Release|x64.Build.0 = Release|Any CPU
		{ACE00C82-230A-49D8-9799-86B4DDB71E86}.Release|x86.ActiveCfg = Release|Any CPU
		{ACE00C82-230A-49D8-9799-86B4DDB71E86}.Release|x86.Build.0 = Release|Any CPU
		{0D8BCA3A-2EE4-4389-96C0-EC63989A0836}.Debug|Any CPU.ActiveCfg = Debug|Any CPU
		{0D8BCA3A-2EE4-4389-96C0-EC63989A0836}.Debug|Any CPU.Build.0 = Debug|Any CPU
		{0D8BCA3A-2EE4-4389-96C0-EC63989A0836}.Debug|x64.ActiveCfg = Debug|Any CPU
		{0D8BCA3A-2EE4-4389-96C0-EC63989A0836}.Debug|x64.Build.0 = Debug|Any CPU
		{0D8BCA3A-2EE4-4389-96C0-EC63989A0836}.Debug|x86.ActiveCfg = Debug|Any CPU
		{0D8BCA3A-2EE4-4389-96C0-EC63989A0836}.Debug|x86.Build.0 = Debug|Any CPU
		{0D8BCA3A-2EE4-4389-96C0-EC63989A0836}.Release|Any CPU.ActiveCfg = Release|Any CPU
		{0D8BCA3A-2EE4-4389-96C0-EC63989A0836}.Release|Any CPU.Build.0 = Release|Any CPU
		{0D8BCA3A-2EE4-4389-96C0-EC63989A0836}.Release|x64.ActiveCfg = Release|Any CPU
		{0D8BCA3A-2EE4-4389-96C0-EC63989A0836}.Release|x64.Build.0 = Release|Any CPU
		{0D8BCA3A-2EE4-4389-96C0-EC63989A0836}.Release|x86.ActiveCfg = Release|Any CPU
		{0D8BCA3A-2EE4-4389-96C0-EC63989A0836}.Release|x86.Build.0 = Release|Any CPU
		{5FA76B00-F3FE-4C16-84EC-5A88584E0339}.Debug|Any CPU.ActiveCfg = Debug|Any CPU
		{5FA76B00-F3FE-4C16-84EC-5A88584E0339}.Debug|Any CPU.Build.0 = Debug|Any CPU
		{5FA76B00-F3FE-4C16-84EC-5A88584E0339}.Debug|x64.ActiveCfg = Debug|Any CPU
		{5FA76B00-F3FE-4C16-84EC-5A88584E0339}.Debug|x64.Build.0 = Debug|Any CPU
		{5FA76B00-F3FE-4C16-84EC-5A88584E0339}.Debug|x86.ActiveCfg = Debug|Any CPU
		{5FA76B00-F3FE-4C16-84EC-5A88584E0339}.Debug|x86.Build.0 = Debug|Any CPU
		{5FA76B00-F3FE-4C16-84EC-5A88584E0339}.Release|Any CPU.ActiveCfg = Release|Any CPU
		{5FA76B00-F3FE-4C16-84EC-5A88584E0339}.Release|Any CPU.Build.0 = Release|Any CPU
		{5FA76B00-F3FE-4C16-84EC-5A88584E0339}.Release|x64.ActiveCfg = Release|Any CPU
		{5FA76B00-F3FE-4C16-84EC-5A88584E0339}.Release|x64.Build.0 = Release|Any CPU
		{5FA76B00-F3FE-4C16-84EC-5A88584E0339}.Release|x86.ActiveCfg = Release|Any CPU
		{5FA76B00-F3FE-4C16-84EC-5A88584E0339}.Release|x86.Build.0 = Release|Any CPU
		{CDE01E6F-AFB3-43F1-9423-1DB1A790412F}.Debug|Any CPU.ActiveCfg = Debug|Any CPU
		{CDE01E6F-AFB3-43F1-9423-1DB1A790412F}.Debug|Any CPU.Build.0 = Debug|Any CPU
		{CDE01E6F-AFB3-43F1-9423-1DB1A790412F}.Debug|x64.ActiveCfg = Debug|Any CPU
		{CDE01E6F-AFB3-43F1-9423-1DB1A790412F}.Debug|x64.Build.0 = Debug|Any CPU
		{CDE01E6F-AFB3-43F1-9423-1DB1A790412F}.Debug|x86.ActiveCfg = Debug|Any CPU
		{CDE01E6F-AFB3-43F1-9423-1DB1A790412F}.Debug|x86.Build.0 = Debug|Any CPU
		{CDE01E6F-AFB3-43F1-9423-1DB1A790412F}.Release|Any CPU.ActiveCfg = Release|Any CPU
		{CDE01E6F-AFB3-43F1-9423-1DB1A790412F}.Release|Any CPU.Build.0 = Release|Any CPU
		{CDE01E6F-AFB3-43F1-9423-1DB1A790412F}.Release|x64.ActiveCfg = Release|Any CPU
		{CDE01E6F-AFB3-43F1-9423-1DB1A790412F}.Release|x64.Build.0 = Release|Any CPU
		{CDE01E6F-AFB3-43F1-9423-1DB1A790412F}.Release|x86.ActiveCfg = Release|Any CPU
		{CDE01E6F-AFB3-43F1-9423-1DB1A790412F}.Release|x86.Build.0 = Release|Any CPU
		{6AC15572-879B-4580-8A7B-BB1945415487}.Debug|Any CPU.ActiveCfg = Debug|Any CPU
		{6AC15572-879B-4580-8A7B-BB1945415487}.Debug|Any CPU.Build.0 = Debug|Any CPU
		{6AC15572-879B-4580-8A7B-BB1945415487}.Debug|x64.ActiveCfg = Debug|Any CPU
		{6AC15572-879B-4580-8A7B-BB1945415487}.Debug|x64.Build.0 = Debug|Any CPU
		{6AC15572-879B-4580-8A7B-BB1945415487}.Debug|x86.ActiveCfg = Debug|Any CPU
		{6AC15572-879B-4580-8A7B-BB1945415487}.Debug|x86.Build.0 = Debug|Any CPU
		{6AC15572-879B-4580-8A7B-BB1945415487}.Release|Any CPU.ActiveCfg = Release|Any CPU
		{6AC15572-879B-4580-8A7B-BB1945415487}.Release|Any CPU.Build.0 = Release|Any CPU
		{6AC15572-879B-4580-8A7B-BB1945415487}.Release|x64.ActiveCfg = Release|Any CPU
		{6AC15572-879B-4580-8A7B-BB1945415487}.Release|x64.Build.0 = Release|Any CPU
		{6AC15572-879B-4580-8A7B-BB1945415487}.Release|x86.ActiveCfg = Release|Any CPU
		{6AC15572-879B-4580-8A7B-BB1945415487}.Release|x86.Build.0 = Release|Any CPU
		{EE6EE7B1-C749-43C8-ADA7-BE8E02F7EDD0}.Debug|Any CPU.ActiveCfg = Debug|Any CPU
		{EE6EE7B1-C749-43C8-ADA7-BE8E02F7EDD0}.Debug|Any CPU.Build.0 = Debug|Any CPU
		{EE6EE7B1-C749-43C8-ADA7-BE8E02F7EDD0}.Debug|x64.ActiveCfg = Debug|Any CPU
		{EE6EE7B1-C749-43C8-ADA7-BE8E02F7EDD0}.Debug|x64.Build.0 = Debug|Any CPU
		{EE6EE7B1-C749-43C8-ADA7-BE8E02F7EDD0}.Debug|x86.ActiveCfg = Debug|Any CPU
		{EE6EE7B1-C749-43C8-ADA7-BE8E02F7EDD0}.Debug|x86.Build.0 = Debug|Any CPU
		{EE6EE7B1-C749-43C8-ADA7-BE8E02F7EDD0}.Release|Any CPU.ActiveCfg = Release|Any CPU
		{EE6EE7B1-C749-43C8-ADA7-BE8E02F7EDD0}.Release|Any CPU.Build.0 = Release|Any CPU
		{EE6EE7B1-C749-43C8-ADA7-BE8E02F7EDD0}.Release|x64.ActiveCfg = Release|Any CPU
		{EE6EE7B1-C749-43C8-ADA7-BE8E02F7EDD0}.Release|x64.Build.0 = Release|Any CPU
		{EE6EE7B1-C749-43C8-ADA7-BE8E02F7EDD0}.Release|x86.ActiveCfg = Release|Any CPU
		{EE6EE7B1-C749-43C8-ADA7-BE8E02F7EDD0}.Release|x86.Build.0 = Release|Any CPU
		{C6533C65-387C-4CE0-A56C-57B1E020A5DD}.Debug|Any CPU.ActiveCfg = Debug|Any CPU
		{C6533C65-387C-4CE0-A56C-57B1E020A5DD}.Debug|Any CPU.Build.0 = Debug|Any CPU
		{C6533C65-387C-4CE0-A56C-57B1E020A5DD}.Debug|x64.ActiveCfg = Debug|Any CPU
		{C6533C65-387C-4CE0-A56C-57B1E020A5DD}.Debug|x64.Build.0 = Debug|Any CPU
		{C6533C65-387C-4CE0-A56C-57B1E020A5DD}.Debug|x86.ActiveCfg = Debug|Any CPU
		{C6533C65-387C-4CE0-A56C-57B1E020A5DD}.Debug|x86.Build.0 = Debug|Any CPU
		{C6533C65-387C-4CE0-A56C-57B1E020A5DD}.Release|Any CPU.ActiveCfg = Release|Any CPU
		{C6533C65-387C-4CE0-A56C-57B1E020A5DD}.Release|Any CPU.Build.0 = Release|Any CPU
		{C6533C65-387C-4CE0-A56C-57B1E020A5DD}.Release|x64.ActiveCfg = Release|Any CPU
		{C6533C65-387C-4CE0-A56C-57B1E020A5DD}.Release|x64.Build.0 = Release|Any CPU
		{C6533C65-387C-4CE0-A56C-57B1E020A5DD}.Release|x86.ActiveCfg = Release|Any CPU
		{C6533C65-387C-4CE0-A56C-57B1E020A5DD}.Release|x86.Build.0 = Release|Any CPU
	EndGlobalSection
	GlobalSection(NestedProjects) = preSolution
		{33E9653C-EB04-4493-A4BC-0D632C8107B5} = {06949BAC-2081-4EB0-B5F6-D0FBCED7246B}
		{ACE00C82-230A-49D8-9799-86B4DDB71E86} = {06949BAC-2081-4EB0-B5F6-D0FBCED7246B}
		{5FA76B00-F3FE-4C16-84EC-5A88584E0339} = {06949BAC-2081-4EB0-B5F6-D0FBCED7246B}
		{CDE01E6F-AFB3-43F1-9423-1DB1A790412F} = {06949BAC-2081-4EB0-B5F6-D0FBCED7246B}
		{6AC15572-879B-4580-8A7B-BB1945415487} = {CB9A1B9F-53BC-414F-8030-8CFC1DED9A93}
		{EE6EE7B1-C749-43C8-ADA7-BE8E02F7EDD0} = {CB9A1B9F-53BC-414F-8030-8CFC1DED9A93}
		{C6533C65-387C-4CE0-A56C-57B1E020A5DD} = {CB9A1B9F-53BC-414F-8030-8CFC1DED9A93}
	EndGlobalSection
EndGlobal
